
Microsoft Visual Studio Solution File, Format Version 12.00
# Visual Studio Version 17
VisualStudioVersion = 17.4.33122.133
MinimumVisualStudioVersion = 10.0.40219.1
Project("{FAE04EC0-301F-11D3-BF4B-00C04F79EFBC}") = "PoeLib", "PoeLib\PoeLib.csproj", "{08AC8119-3476-4ABF-B266-ED1223D33134}"
EndProject
Global
	GlobalSection(SolutionConfigurationPlatforms) = preSolution
		Debug|Any CPU = Debug|Any CPU
		Release|Any CPU = Release|Any CPU
	EndGlobalSection
	GlobalSection(ProjectConfigurationPlatforms) = postSolution
		{08AC8119-3476-4ABF-B266-ED1223D33134}.Debug|Any CPU.ActiveCfg = Debug|Any CPU
		{08AC8119-3476-4ABF-B266-ED1223D33134}.Debug|Any CPU.Build.0 = Debug|Any CPU
		{08AC8119-3476-4ABF-B266-ED1223D33134}.Release|Any CPU.ActiveCfg = Release|Any CPU
		{08AC8119-3476-4ABF-B266-ED1223D33134}.Release|Any CPU.Build.0 = Release|Any CPU
	EndGlobalSection
	GlobalSection(SolutionProperties) = preSolution
		HideSolutionNode = FALSE
	EndGlobalSection
	GlobalSection(ExtensibilityGlobals) = postSolution
		SolutionGuid = {4B6DA4DC-A678-476B-865A-BE32D1A58217}
	EndGlobalSection
EndGlobal
